(setq el-get-lock-package-versions
      '((edn :checksum "be9e32d1b49e35247b263b0243df7cfdc8d413ab")
        (peg :checksum "d944cde67d43941af85efbc3e3649cd5edc51a5b")
        (hydra :checksum "585db09f588805f9c49f679aa1f6d702fe115665")
        (paredit :checksum "2f6f67283c6c41af5a74271fc025c2e837f3d2a2")
        (smartparens :checksum "2f0dc4e784a72914987ac88b6d628c815ee8914b")
        (cider :checksum "0a3d743bf5e165c1145126a93ed287c48c5544af")
        (spinner :checksum "a62dc3559148c7045aad5077a4a861ff26f93dfb")
        (clojure-mode :checksum "45bdd888b398aade93a06146b65627a045891e43")
        (elm-mode :checksum "4fb26ae8e10d7b88e05a9e3a5c1b2cf3c8c2d6c3")
        (emacs-racer :checksum "49743e6d840261cd1985d9eef2dbf9451c6e8638")
        (rust-mode :checksum "b23efef0b6a6a632b70c1db5579a835059239e4c")
        (terraform-mode :checksum "6157690efce03ff20b16b85e2be6b0964efec2fb")
        (goto-chg :checksum "50e58f9e6bb0b8b8e3a24ed817ff78512a770448")
        (pos-tip :checksum "92c6b81591b32a0fb3da65f6a514ddcce1d277c0")
        (key-chord :checksum "69f6d8097cedce8be75b3f8ebbd06830b28d2c46")
        (seq :checksum "1349714b20daed2e62a21ebdd5244acc0ccbef0c")
        (highlight :checksum "9dc67dc4423781203fc63d54ebf41fad54187e07")
        (web-mode :checksum "9f71a6ad2fcf0231fdec4030243292fa466a5d9e")
        (undo-tree :checksum "a3e81b682053a81e082139300ef0a913a7a610a2")
        (typescript-mode :checksum "d81cc7278276b8d3a163e14fe5396126eff0475d")
        (tuareg-mode :checksum "8c3f604ad3b393403baaa93fc53898217e675ab8")
        (tide :checksum "7841c6c9f4eef869d1ca062d1b390cfd212285ce")
        (sunrise-commander :checksum "dd94d3da75fcef0ac11d1d008ab9081c6f80f013")
        (magit :checksum "aa2f4f1751af191a715e4aed866bda11f10cf0f0")
        (helm :checksum "4e0c9b9bd1c8acd68af80eea255c7656f0db8bfb")
        (wgrep :checksum "7ef26c51feaef8a5ec0929737130ab8ba326983c")
        (ruby-end :checksum "79b4ea788b9cae9282da809507d0a56aa9c057c8")
        (smartrep :checksum "f0ff5a6d7b8603603598ae3045c98b011e58d86e")
        (scss-mode :checksum "b010d134f499c4b4ad33fe8a669a81e9a531b0b2")
        (scala-mode2 :checksum "360b5ba27aeca69e72109515b6c40b2f7972cc8f")
        (sbt-mode :checksum "cc166f2407ea9dfde5d24273298a73cfdd35d579")
        (s :checksum "b5b2193f23cf52baa0e8860c6ee8b21f713c5c88")
        (quickrun :checksum "ce788ae2272f00aec4740f8507807117163f803b")
        (powerline :checksum "b0793ac11cdd6de17848ac654d61b1255416789e")
        (popwin :checksum "95dea14c60019d6cccf9a3b33e0dec4e1f22c304")
        (pkg-info :checksum "4dbe328c9eced79e0004e3fdcd7bfb997a928be5")
        (org-pomodoro :checksum "95e2b1f555359a6096a19634814e1d93b2072f25")
        (multiple-cursors :checksum "8297f1f210f263fd96dfc28e9fb43522fd102c23")
        (migemo :checksum "c2240afa9afc0f003bb1d846710505e8e8e38169")
        (markdown-mode :checksum "a70e74e0eedb436c4126ac69b0beaa4ab848b78e")
        (lua-mode :checksum "bdf121b2c05bc74d3d7961a91d7afeb6176e0f45")
        (log4e :checksum "6592682ab7de0e3d1915aa4d3c53e083be79fbeb")
        (js2-refactor :checksum "30b7d218bde230adef6608de68f936edb7d52beb")
        (js2-mode :checksum "60f7a2b5b79696aae732811df3c530daa3bd55ac")
        (jade-mode :checksum "0d0bbf60730d0e33c6362e1fceeaf0e133b1ceeb")
        (helm-ls-git :checksum "fd3905029a787c23194071e31c8da65dd55363c8")
        (helm-c-yasnippet :checksum "2833bff9427f6d06531cf798e9152141e6b2fc83")
        (helm-ag :checksum "afffb4be80006ba36febb7638a8e2f730911486a")
        (go-mode :checksum "7fec5b2e88f24d194157df312b0c1a2efaa6271d")
        (go-eldoc :checksum "ebf17e486bb64af494278f851f674303c954432c")
        (git-gutter :checksum "b680e11144863f67813cd8139bff7b13df9c6d8c")
        (fuzzy :checksum "534d723ad2e06322ff8d9bd0ba4863d243f698e7")
        (recentf-ext :checksum "495bfe07e8a759f1e6dfbd45e62ae2f72404ff79")
        (popup :checksum "4abbbf99d7986d0cec9056195bcb45ce38c56c05")
        (google-c-style :checksum "e1157c50a795c6d54c6aa36ff0352d173d067957")
        (evil :checksum "71c9ccb7773a4f5fdd5d99bad2a43f1d82180a49")
        (ert-expectations :checksum "d7ad27c3cd04f4da0aaafe26f840cac2583aec20")
        (flycheck :checksum "b89f676776646fd3cea6d9bebac2325e09a35703")
        (color-theme :checksum "047d6cb207fdef66b25343479ebe09a1ed3954b5")
        (ensime :checksum "66ad102b52c7b329b8176f80ee776d66c257ca96")
        (el-get :checksum "9ca4d998ef37fa09b34a49ecbda05d30a049b8c3")
        (evil-leader :checksum "39f7014bcf8b36463e0c7512c638bda4bac6c2cf")
        (dash :checksum "a9f90d7834337dadee1a69f2089e39fd81b22ba7")
        (company-mode :checksum "1de23f8ee97aa62fb28e19e963fe2f211e86a600")
        (color-theme-solarized :checksum "890e5a3dd19b8c0d44de7e3a089bc6f1322fbb1e")
        (f :checksum "fe35efd47796c269af5622b8f2f2fd0b130b6470")
        (epl :checksum "a5ad061d0a5eb42f66c384e55d102da7d52c96b0")
        (evil-numbers :checksum "6ea1c8c3a9b37bed63d48f1128e9a4910e68187e")
        (auto-async-byte-compile :checksum "d2efc5b8bd160bdee8098351d601aa21b7ee4cd9")
        (avy :checksum "3b75d9520d76711f2e9b6505403a241c31022115")
        (calfw :checksum "e03ae470788778e7714b73520014eadc03a88abd")
        (bm :checksum "b91f87c8f78d2430edc376830d5ba15f45d28637")
        (auto-save-buffers-enhanced :checksum "caf594120781a323ac37eab82bcf87f1ed4c9c42")
        (ample-regexps :checksum "884c712a82773d3af500e71d20bebe52340352c5")
        (alert :checksum "dfb003476aeb26d08782c17257f3a81934bcf6ce")
        (ag :checksum "95e6d9f14303c22e29fca64e8a5090960ad558f5")
        (exec-path-from-shell :checksum "c2ca275d3243e8253513ced73e3ac21dc352e303")
        (emacs-async :checksum "6872743af831f121e433a0eef098b42762b46739")
        (el-get-lock :checksum "046ffb568c6964ea30813338234aea2d60a5c632")
        (eldoc-extension :checksum "a74cfbe05115afb18b671588b7f63d37d6b2b895")))
(setq el-get-lock-locked-packages 'nil)
(setq el-get-lock-unlocked-packages 'nil)
