(setq el-get-lock-package-versions
      '((rust-mode :checksum "9eda80769167fe434ca90fe367dd7b9f1016ef3c")
        (log4e :checksum "34309972ad02abcebbcff6b1682731978aef030c")
        (auto-save-buffers-enhanced :checksum "461e8c816c1b7c650be5f209078b381fe55da8c6")
        (quickrun :checksum "55bbe5d54b80206ea5a60bf2f58eb6368b2c8201")
        (color-theme-solarized :checksum "797229d0d3c9a2233fd8c69c0c2d9948be1d0685")
        (yaml-mode :checksum "28c34033194130d452d5c958b5241c88d42ca02b")
        (web-mode :checksum "80e6de3b249c565506e29b2f1eca4104867f989d")
        (elpy :checksum "d1cfe9c87031a9fd4c9754afdc4c4d0b3b3128a6")
        (haskell-mode :checksum "9ced44c934e9d02dc41ab2f47686cc041f7ae5f5")
        (google-c-style :checksum "e1157c50a795c6d54c6aa36ff0352d173d067957")
        (ensime :checksum "fe816d36bce96151f90b76887a69f44100bd12da")
        (lua-mode :checksum "652e299cb967fccca827dda381d61a9c144d97de")
        (markdown-mode :checksum "2d790a7c72546b96b3fdf57e7b7d6af1663fb721")
        (jade-mode :checksum "4dbde92542fc7ad61df38776980905a4721d642e")
        (scss-mode :checksum "b010d134f499c4b4ad33fe8a669a81e9a531b0b2")
        (yasnippet :checksum "89eb7ab64d67e96646576dc0d551e8c23d50438a")
        (typescript-mode :checksum "0f41709e1525403767bd4889cb913900c68448dd")
        (js2-mode :checksum "df51992a648c7fb3e441106defdbffa2ef2f020d")
        (helm-c-yasnippet :checksum "65ca732b510bfc31636708aebcfe4d2d845b59b0")
        (helm :checksum "898e55c96d5f4a18d64002a269a0c67c03cb7246")
        (helm-ls-git :checksum "d116bb96b6ea946f633ed7735fbf38a63e611a3a")
        (js2-refactor :checksum "924936b42777f2513ec6893c68a41756bcfeba83")
        (magit :checksum "746f2361ba5e0299f05a7878e530da2c7c8f749b")
        (zlc :checksum "4dd2ba267ecdeac845a7cbb3147294ee7daa25f4")
        (tide :checksum "af6adf6170e23a44ba773e07899ec602ae659663")
        (highlight :checksum "c6a55d1105f1f7c311ba0379eacf348b12c8083b")
        (bm :checksum "b1bc10b1e9f01c48a7eedb9b08a22d05e7baed3c")
        (git-gutter :checksum "00c05264af046b5ce248e5b0bc42f117d9c27a09")
        (popup :checksum "80829dd46381754639fb764da11c67235fe63282")
        (fuzzy :checksum "534d723ad2e06322ff8d9bd0ba4863d243f698e7")
        (emacs-async :checksum "87853ae35f19646f83f653b798e9f6d646de7113")
        (evil :checksum "485bf5399bbad17ff0cbb3787de67b9a5a5665dd")
        (evil-numbers :checksum "6ea1c8c3a9b37bed63d48f1128e9a4910e68187e")
        (powerline :checksum "8a246902e86a0c59015bb897a9c59be9729ef5c4")
        (calfw :checksum "3415d8673e2b8ce7ab3a76943bb07cda626b6278")
        (popwin :checksum "95dea14c60019d6cccf9a3b33e0dec4e1f22c304")
        (evil-leader :checksum "39f7014bcf8b36463e0c7512c638bda4bac6c2cf")
        (smartrep :checksum "f0ff5a6d7b8603603598ae3045c98b011e58d86e")
        (pos-tip :checksum "92c6b81591b32a0fb3da65f6a514ddcce1d277c0")
        (key-chord :checksum "69f6d8097cedce8be75b3f8ebbd06830b28d2c46")
        (recentf-ext :checksum "95f81dfac24d3f67002024f0a24e6b997bf6d647")
        (company-mode :checksum "c0098afab0719c633ea9984e62a240f542ab8c49")
        (f :checksum "fabdbd4a4a8caf8684f0fa656f457a03c5dfa4de")
        (wgrep :checksum "1cdd7c136f1e7565bb13d2df69be3dc77b83698d")
        (s :checksum "3a95064647d1f39b90e65a56f1fdfceb7c329f75")
        (ert-expectations :checksum "d7ad27c3cd04f4da0aaafe26f840cac2583aec20")
        (auto-async-byte-compile :checksum "fa6e07af93a4ab1c092f7811f3d4732f4874bce3")
        (el-get-lock :checksum "df8cfe55441695865a64b97946750b6413a40425")
        (el-get :checksum "07c75d259d89dabb34878d6085a94fb11aef1947")
        (adoc-mode :checksum "745884359a1b8826ede2c4cfd2f0b5478953ac40")
        (alert :checksum "08f42ced409b6edd70e4b13ed648f16240dc1ec1")
        (ag :checksum "8501376c112277b98f72963e44bc43e1846d4bcf")
        (ample-regexps :checksum "cbe91e148cac1ee8e223874dc956ed4cf607f046")
        (tuareg-mode :checksum "b575d446d155a93088657b7834c7291d1c51bfce")
        (migemo :checksum "e4744efae1b2fdea2bbd2ceaff0f6ea0bb739f5a")
        (avy :checksum "245b5d62feb6f276971be53e63311de4a243bfbc")
        (flycheck :checksum "95680e41357203453cb4c4ef8de4961cd9954f85")
        (exec-path-from-shell :checksum "5e355fbc50913d1ffe48bf86df0bcecd8b369ffb")
        (ruby-end :checksum "79b4ea788b9cae9282da809507d0a56aa9c057c8")
        (go-mode :checksum "99b06da201afb91e8db0c525c0f3c3590fd92fa6")
        (go-eldoc :checksum "cbbd2ea1e94a36004432a9ac61414cb5a95a39bd")
        (sunrise-commander :checksum "855ed752affd98ee49cd13c3be1c2fa68142fbb8")
        (undo-tree :checksum "e9a9102f515acd7523158f20e83f300600374989")
        (helm-ag :checksum "2fc02c4ead29bf0db06fd70740cc7c364cb650ac")
        \.\.\.))
(setq el-get-lock-locked-packages 'nil)
(setq el-get-lock-unlocked-packages 'nil)
