(setq el-get-lock-package-versions
      '((emacs-racer :checksum "6e0d1b3ebd54497c0cc995a92f09328ff101cd33")
        (rust-racer :checksum "7441e0cd5116a27e0b5849d7a8b0f9b159b19ff1")
        (helm-ls-git :checksum "7b7b6dc2554603ad98412927f84a803625069ab3")
        (helm-c-yasnippet :checksum "65ca732b510bfc31636708aebcfe4d2d845b59b0")
        (epl :checksum "a5ad061d0a5eb42f66c384e55d102da7d52c96b0")
        (emacs-async :checksum "666066d30a420d86801d8380f5991f2b82471107")
        (elpy :checksum "2c8792e6e379c565e8dbfb5d3486988ab49c6b4e")
        (el-get-lock :checksum "df8cfe55441695865a64b97946750b6413a40425")
        (edn :checksum "be9e32d1b49e35247b263b0243df7cfdc8d413ab")
        (dash :checksum "98e819e407bbc35478cde30a74be15f077bd6d4b")
        (company-mode :checksum "bc2ce4e23ff2a3bd4a8ffa766acc5efb0643a7d1")
        (color-theme-solarized :checksum "797229d0d3c9a2233fd8c69c0c2d9948be1d0685")
        (clojure-mode :checksum "4dcd7bc95f056ea61b0d1b16c5b03e1a6681b709")
        (clj-refactor :checksum "0fb72efc1cb9a2a688e324e7fdc51f258a86e36d")
        (auto-save-buffers-enhanced :checksum "461e8c816c1b7c650be5f209078b381fe55da8c6")
        (ample-regexps :checksum "c806766693827a9ca12a6a07f6294260d6ef776e")
        (alert :checksum "fa9e6917c48e5338f3ed81226e1e5e5ec21563fb")
        (ag :checksum "754d0fea35059c583b9613c7924cebba74fe1319")
        (adoc-mode :checksum "745884359a1b8826ede2c4cfd2f0b5478953ac40")
        (calfw :checksum "e03ae470788778e7714b73520014eadc03a88abd")
        (highlight :checksum "af8c06945fedb1ac333474edd379e87df2343eb1")
        (evil-leader :checksum "39f7014bcf8b36463e0c7512c638bda4bac6c2cf")
        (google-c-style :checksum "e1157c50a795c6d54c6aa36ff0352d173d067957")
        (auto-async-byte-compile :checksum "fa6e07af93a4ab1c092f7811f3d4732f4874bce3")
        (color-theme :checksum "047d6cb207fdef66b25343479ebe09a1ed3954b5")
        (eldoc-extension :checksum "a74cfbe05115afb18b671588b7f63d37d6b2b895")
        (ert-expectations :checksum "d7ad27c3cd04f4da0aaafe26f840cac2583aec20")
        (goto-chg :checksum "50e58f9e6bb0b8b8e3a24ed817ff78512a770448")))
(setq el-get-lock-locked-packages 'nil)
(setq el-get-lock-unlocked-packages 'nil)
